
Microsoft Visual Studio Solution File, Format Version 12.00
# Visual Studio 15
VisualStudioVersion = 15.0.28010.2003
MinimumVisualStudioVersion = 10.0.40219.1
Project("{FAE04EC0-301F-11D3-BF4B-00C04F79EFBC}") = "BootStrapLogInPage", "BootStrapLogInPage\BootStrapLogInPage.csproj", "{5F279B54-D1EB-44D0-9AF0-A7E83E0AADDE}"
EndProject
Global
	GlobalSection(SolutionConfigurationPlatforms) = preSolution
		Debug|Any CPU = Debug|Any CPU
		Release|Any CPU = Release|Any CPU
	EndGlobalSection
	GlobalSection(ProjectConfigurationPlatforms) = postSolution
		{5F279B54-D1EB-44D0-9AF0-A7E83E0AADDE}.Debug|Any CPU.ActiveCfg = Debug|Any CPU
		{5F279B54-D1EB-44D0-9AF0-A7E83E0AADDE}.Debug|Any CPU.Build.0 = Debug|Any CPU
		{5F279B54-D1EB-44D0-9AF0-A7E83E0AADDE}.Release|Any CPU.ActiveCfg = Release|Any CPU
		{5F279B54-D1EB-44D0-9AF0-A7E83E0AADDE}.Release|Any CPU.Build.0 = Release|Any CPU
	EndGlobalSection
	GlobalSection(SolutionProperties) = preSolution
		HideSolutionNode = FALSE
	EndGlobalSection
	GlobalSection(ExtensibilityGlobals) = postSolution
		SolutionGuid = {C944E1F9-3224-4184-A441-93D20E5F9C33}
	EndGlobalSection
EndGlobal
